<Solution>
  <Folder Name="/src/">
    <Project Path="src/FinanceTelegramBot.API/FinanceTelegramBot.API.csproj" />
    <Project Path="src/FinanceTelegramBot.Core/FinanceTelegramBot.Core.csproj" />
  </Folder>
  <Folder Name="/tests/">
    <Project Path="tests/TestProject/TestProject.csproj" />
  </Folder>
</Solution>
